
Microsoft Visual Studio Solution File, Format Version 12.00
# Visual Studio Version 17
VisualStudioVersion = 17.10.34928.147
MinimumVisualStudioVersion = 10.0.40219.1
Project("{FAE04EC0-301F-11D3-BF4B-00C04F79EFBC}") = "ATMApplication", "ATMApplication\ATMApplication.csproj", "{8728BF65-3FC2-42E0-9930-7A74FC4879EC}"
EndProject
Global
	GlobalSection(SolutionConfigurationPlatforms) = preSolution
		Debug|Any CPU = Debug|Any CPU
		Release|Any CPU = Release|Any CPU
	EndGlobalSection
	GlobalSection(ProjectConfigurationPlatforms) = postSolution
		{8728BF65-3FC2-42E0-9930-7A74FC4879EC}.Debug|Any CPU.ActiveCfg = Debug|Any CPU
		{8728BF65-3FC2-42E0-9930-7A74FC4879EC}.Debug|Any CPU.Build.0 = Debug|Any CPU
		{8728BF65-3FC2-42E0-9930-7A74FC4879EC}.Release|Any CPU.ActiveCfg = Release|Any CPU
		{8728BF65-3FC2-42E0-9930-7A74FC4879EC}.Release|Any CPU.Build.0 = Release|Any CPU
	EndGlobalSection
	GlobalSection(SolutionProperties) = preSolution
		HideSolutionNode = FALSE
	EndGlobalSection
	GlobalSection(ExtensibilityGlobals) = postSolution
		SolutionGuid = {E4CA29B4-7045-48B9-942A-CA7BD82BCEA5}
	EndGlobalSection
EndGlobal
